PODS:
  - BlocksKit (2.2.5):
    - BlocksKit/All (= 2.2.5)
  - BlocksKit/All (2.2.5):
    - BlocksKit/Core
    - BlocksKit/DynamicDelegate
    - BlocksKit/MessageUI
    - BlocksKit/UIKit
  - BlocksKit/Core (2.2.5)
  - BlocksKit/DynamicDelegate (2.2.5)
  - BlocksKit/MessageUI (2.2.5):
    - BlocksKit/Core
    - BlocksKit/DynamicDelegate
  - BlocksKit/UIKit (2.2.5):
    - BlocksKit/Core
    - BlocksKit/DynamicDelegate
  - DateTools (1.7.0)
  - Masonry (1.0.0)
  - Realm (0.101.0):
    - Realm/Headers (= 0.101.0)
  - Realm/Headers (0.101.0)
  - TSClusterMapView (2.3.1)
  - YYKit (1.0.5):
    - YYKit/no-arc (= 1.0.5)
  - YYKit/no-arc (1.0.5)

DEPENDENCIES:
  - BlocksKit
  - DateTools
  - Masonry
  - Realm
  - TSClusterMapView
  - YYKit

SPEC CHECKSUMS:
  BlocksKit: 7f422b971407001178d181a43b99014ea2591fe6
  DateTools: 53288ee8b905fdc75897a1e6b5cc0144b14cba60
  Masonry: b529bb169217897b6354d4b56b1fada6d475b13d
  Realm: b21596d6d7e1c054f6fae967d27263d2593ca309
  TSClusterMapView: 909762f69d1428362d7a5ed1da8defa77a6d27d3
  YYKit: f2654fe525de2283648db957bddb37ddd8e06549

COCOAPODS: 0.38.2
